<?xml version="1.0" encoding="utf-8"?>
<Project ToolsVersion="4.0" xmlns="http://schemas.microsoft.com/developer/msbuild/2003">
  <ItemGroup>
    <ClCompile Include="Core\CBoardItem.cpp">
      <Filter>Core\Board Items</Filter>
    </ClCompile>
    <ClCompile Include="Core\CCity.cpp">
      <Filter>Core\Board Items</Filter>
    </ClCompile>
    <ClCompile Include="Core\CPathItem.cpp">
      <Filter>Core\Board Items</Filter>
    </ClCompile>
    <ClCompile Include="Core\CDiseaseCube.cpp">
      <Filter>Core\Board Items</Filter>
    </ClCompile>
    <ClCompile Include="Core\CResearchStation.cpp">
      <Filter>Core\Board Items</Filter>
    </ClCompile>
    <ClCompile Include="Core\CPawn.cpp">
      <Filter>Core\Board Items</Filter>
    </ClCompile>
    <ClCompile Include="Core\CCureMarker.cpp">
      <Filter>Core\Board Items\Markers</Filter>
    </ClCompile>
    <ClCompile Include="Core\CPathMarker.cpp">
      <Filter>Core\Board Items\Markers</Filter>
    </ClCompile>
    <ClCompile Include="GeneratedFiles\Debug\moc_CBoard.cpp">
      <Filter>Generated Files\Debug</Filter>
    </ClCompile>
    <ClCompile Include="GeneratedFiles\Release\moc_CBoard.cpp">
      <Filter>Generated Files\Release</Filter>
    </ClCompile>
    <ClCompile Include="GeneratedFiles\Debug\moc_CExtendedSignalWidget.cpp">
      <Filter>Generated Files\Debug</Filter>
    </ClCompile>
    <ClCompile Include="GeneratedFiles\Release\moc_CExtendedSignalWidget.cpp">
      <Filter>Generated Files\Release</Filter>
    </ClCompile>
    <ClCompile Include="GeneratedFiles\Debug\moc_CBoardItem.cpp">
      <Filter>Generated Files\Debug</Filter>
    </ClCompile>
    <ClCompile Include="GeneratedFiles\Release\moc_CBoardItem.cpp">
      <Filter>Generated Files\Release</Filter>
    </ClCompile>
    <ClCompile Include="GeneratedFiles\Debug\moc_CCity.cpp">
      <Filter>Generated Files\Debug</Filter>
    </ClCompile>
    <ClCompile Include="GeneratedFiles\Release\moc_CCity.cpp">
      <Filter>Generated Files\Release</Filter>
    </ClCompile>
    <ClCompile Include="GeneratedFiles\Debug\moc_CDiseaseCube.cpp">
      <Filter>Generated Files\Debug</Filter>
    </ClCompile>
    <ClCompile Include="GeneratedFiles\Release\moc_CDiseaseCube.cpp">
      <Filter>Generated Files\Release</Filter>
    </ClCompile>
    <ClCompile Include="GeneratedFiles\Debug\moc_CPathItem.cpp">
      <Filter>Generated Files\Debug</Filter>
    </ClCompile>
    <ClCompile Include="GeneratedFiles\Release\moc_CPathItem.cpp">
      <Filter>Generated Files\Release</Filter>
    </ClCompile>
    <ClCompile Include="GeneratedFiles\Debug\moc_CPawn.cpp">
      <Filter>Generated Files\Debug</Filter>
    </ClCompile>
    <ClCompile Include="GeneratedFiles\Release\moc_CPawn.cpp">
      <Filter>Generated Files\Release</Filter>
    </ClCompile>
    <ClCompile Include="GeneratedFiles\Debug\moc_CResearchStation.cpp">
      <Filter>Generated Files\Debug</Filter>
    </ClCompile>
    <ClCompile Include="GeneratedFiles\Release\moc_CResearchStation.cpp">
      <Filter>Generated Files\Release</Filter>
    </ClCompile>
    <ClCompile Include="GeneratedFiles\Debug\moc_CCureMarker.cpp">
      <Filter>Generated Files\Debug</Filter>
    </ClCompile>
    <ClCompile Include="GeneratedFiles\Release\moc_CCureMarker.cpp">
      <Filter>Generated Files\Release</Filter>
    </ClCompile>
    <ClCompile Include="GeneratedFiles\Debug\moc_CPathMarker.cpp">
      <Filter>Generated Files\Debug</Filter>
    </ClCompile>
    <ClCompile Include="GeneratedFiles\Release\moc_CPathMarker.cpp">
      <Filter>Generated Files\Release</Filter>
    </ClCompile>
    <ClCompile Include="Core\CBoard.cpp">
      <Filter>Core</Filter>
    </ClCompile>
    <ClCompile Include="Core\CPoint.cpp">
      <Filter>Core</Filter>
    </ClCompile>
    <ClCompile Include="Core\CBoardItemsFactory.cpp">
      <Filter>Core</Filter>
    </ClCompile>
    <ClCompile Include="Core\CExtendedSignalWidget.cpp">
      <Filter>Core</Filter>
    </ClCompile>
    <ClCompile Include="Core\CCard.cpp">
      <Filter>Core\Board Items</Filter>
    </ClCompile>
    <ClCompile Include="GeneratedFiles\Debug\moc_CCard.cpp">
      <Filter>Generated Files\Debug</Filter>
    </ClCompile>
    <ClCompile Include="GeneratedFiles\Release\moc_CCard.cpp">
      <Filter>Generated Files\Release</Filter>
    </ClCompile>
    <ClCompile Include="Core\CDeck.cpp">
      <Filter>Core\Board Items</Filter>
    </ClCompile>
    <ClCompile Include="GeneratedFiles\Debug\moc_CDeck.cpp">
      <Filter>Generated Files\Debug</Filter>
    </ClCompile>
    <ClCompile Include="GeneratedFiles\Release\moc_CDeck.cpp">
      <Filter>Generated Files\Release</Filter>
    </ClCompile>
    <ClCompile Include="GeneratedFiles\Debug\moc_CCircleMenu.cpp">
      <Filter>Generated Files\Debug</Filter>
    </ClCompile>
    <ClCompile Include="GeneratedFiles\Release\moc_CCircleMenu.cpp">
      <Filter>Generated Files\Release</Filter>
    </ClCompile>
    <ClCompile Include="Core\CCircleMenu.cpp">
      <Filter>Core</Filter>
    </ClCompile>
    <ClCompile Include="Game\COverlay.cpp">
      <Filter>Core</Filter>
    </ClCompile>
    <ClCompile Include="GeneratedFiles\Debug\moc_COverlay.cpp">
      <Filter>Generated Files\Debug</Filter>
    </ClCompile>
    <ClCompile Include="GeneratedFiles\Release\moc_COverlay.cpp">
      <Filter>Generated Files\Release</Filter>
    </ClCompile>
    <ClCompile Include="Core\core.cpp">
      <Filter>Core</Filter>
    </ClCompile>
  </ItemGroup>
  <ItemGroup>
    <Filter Include="Generated Files">
      <UniqueIdentifier>{71ED8ED8-ACB9-4CE9-BBE1-E00B30144E11}</UniqueIdentifier>
      <Extensions>moc;h;cpp</Extensions>
      <ParseFiles>true</ParseFiles>
    </Filter>
    <Filter Include="Generated Files\Debug">
      <UniqueIdentifier>{0a928769-c1ad-46c8-893a-ab73abfc731d}</UniqueIdentifier>
      <Extensions>cpp;moc</Extensions>
      <SourceControlFiles>False</SourceControlFiles>
    </Filter>
    <Filter Include="Generated Files\Release">
      <UniqueIdentifier>{0b7dc3b9-75de-4d4b-88f9-20996834b52a}</UniqueIdentifier>
      <Extensions>cpp;moc</Extensions>
      <SourceControlFiles>False</SourceControlFiles>
    </Filter>
    <Filter Include="Core">
      <UniqueIdentifier>{8e96ee47-8abc-45f8-8573-b12d237f20fc}</UniqueIdentifier>
    </Filter>
    <Filter Include="Core\Board Items">
      <UniqueIdentifier>{b54a2f5a-6a85-4418-8c32-51bbee591cab}</UniqueIdentifier>
    </Filter>
    <Filter Include="Core\Board Items\Markers">
      <UniqueIdentifier>{81df5ff0-822c-48ae-ad66-5b36363ccb75}</UniqueIdentifier>
    </Filter>
    <Filter Include="Form Files">
      <UniqueIdentifier>{99349809-55BA-4b9d-BF79-8FDBB0286EB3}</UniqueIdentifier>
      <Extensions>ui</Extensions>
      <ParseFiles>true</ParseFiles>
    </Filter>
    <Filter Include="Header Files">
      <UniqueIdentifier>{93995380-89BD-4b04-88EB-625FBE52EBFB}</UniqueIdentifier>
      <Extensions>h</Extensions>
      <ParseFiles>true</ParseFiles>
    </Filter>
  </ItemGroup>
  <ItemGroup>
    <CustomBuild Include="Core\CBoardItem.hpp">
      <Filter>Core\Board Items</Filter>
    </CustomBuild>
    <CustomBuild Include="Core\CCity.hpp">
      <Filter>Core\Board Items</Filter>
    </CustomBuild>
    <CustomBuild Include="Core\CCureMarker.hpp">
      <Filter>Core\Board Items\Markers</Filter>
    </CustomBuild>
    <CustomBuild Include="Core\CDiseaseCube.hpp">
      <Filter>Core\Board Items</Filter>
    </CustomBuild>
    <CustomBuild Include="Core\CPathItem.hpp">
      <Filter>Core\Board Items</Filter>
    </CustomBuild>
    <CustomBuild Include="Core\CResearchStation.hpp">
      <Filter>Core\Board Items</Filter>
    </CustomBuild>
    <CustomBuild Include="Core\CPathMarker.hpp">
      <Filter>Core\Board Items\Markers</Filter>
    </CustomBuild>
    <CustomBuild Include="Core\CPawn.hpp">
      <Filter>Core\Board Items</Filter>
    </CustomBuild>
    <CustomBuild Include="Core\CBoard.hpp">
      <Filter>Core</Filter>
    </CustomBuild>
    <CustomBuild Include="Core\CStringOption.h">
      <Filter>Core</Filter>
    </CustomBuild>
    <CustomBuild Include="Core\enums.h">
      <Filter>Core</Filter>
    </CustomBuild>
    <CustomBuild Include="Core\CPoint.h">
      <Filter>Core</Filter>
    </CustomBuild>
    <CustomBuild Include="Core\COption.h">
      <Filter>Core</Filter>
    </CustomBuild>
    <CustomBuild Include="Core\CIntOption.h">
      <Filter>Core</Filter>
    </CustomBuild>
    <CustomBuild Include="Core\CEnumOption.h">
      <Filter>Core</Filter>
    </CustomBuild>
    <CustomBuild Include="Core\CBoardItemsFactory.h">
      <Filter>Core</Filter>
    </CustomBuild>
    <CustomBuild Include="Core\CExtendedSignalWidget.hpp">
      <Filter>Core</Filter>
    </CustomBuild>
    <CustomBuild Include="Core\CCard.hpp">
      <Filter>Core\Board Items</Filter>
    </CustomBuild>
    <CustomBuild Include="Core\CDeck.hpp">
      <Filter>Core\Board Items</Filter>
    </CustomBuild>
    <CustomBuild Include="Core\CCircleMenu.hpp">
      <Filter>Core</Filter>
    </CustomBuild>
    <CustomBuild Include="Game\COverlay.hpp">
      <Filter>Core</Filter>
    </CustomBuild>
  </ItemGroup>
  <ItemGroup>
    <ClInclude Include="Core\core.h">
      <Filter>Core</Filter>
    </ClInclude>
  </ItemGroup>
</Project>